
Microsoft Visual Studio Solution File, Format Version 12.00
# Visual Studio Version 17
VisualStudioVersion = 17.0.31903.59
MinimumVisualStudioVersion = 10.0.40219.1
Project("{FAE04EC0-301F-11D3-BF4B-00C04F79EFBC}") = "EncryptionAPI", "EncryptionAPI\EncryptionAPI.csproj", "{8F2C1CB9-3129-4967-99F7-6F7AA0EF84ED}"
EndProject
Project("{FAE04EC0-301F-11D3-BF4B-00C04F79EFBC}") = "UnitTests", "UnitTests\UnitTests.csproj", "{567BFE89-D08E-4C70-9BC1-4BD594AC8AB0}"
EndProject
Global
	GlobalSection(SolutionConfigurationPlatforms) = preSolution
		Debug|Any CPU = Debug|Any CPU
		Release|Any CPU = Release|Any CPU
	EndGlobalSection
	GlobalSection(SolutionProperties) = preSolution
		HideSolutionNode = FALSE
	EndGlobalSection
	GlobalSection(ProjectConfigurationPlatforms) = postSolution
		{8F2C1CB9-3129-4967-99F7-6F7AA0EF84ED}.Debug|Any CPU.ActiveCfg = Debug|Any CPU
		{8F2C1CB9-3129-4967-99F7-6F7AA0EF84ED}.Debug|Any CPU.Build.0 = Debug|Any CPU
		{8F2C1CB9-3129-4967-99F7-6F7AA0EF84ED}.Release|Any CPU.ActiveCfg = Release|Any CPU
		{8F2C1CB9-3129-4967-99F7-6F7AA0EF84ED}.Release|Any CPU.Build.0 = Release|Any CPU
		{567BFE89-D08E-4C70-9BC1-4BD594AC8AB0}.Debug|Any CPU.ActiveCfg = Debug|Any CPU
		{567BFE89-D08E-4C70-9BC1-4BD594AC8AB0}.Debug|Any CPU.Build.0 = Debug|Any CPU
		{567BFE89-D08E-4C70-9BC1-4BD594AC8AB0}.Release|Any CPU.ActiveCfg = Release|Any CPU
		{567BFE89-D08E-4C70-9BC1-4BD594AC8AB0}.Release|Any CPU.Build.0 = Release|Any CPU
	EndGlobalSection
EndGlobal
